
Microsoft Visual Studio Solution File, Format Version 12.00
# Visual Studio Version 16
VisualStudioVersion = 16.0.29306.81
MinimumVisualStudioVersion = 10.0.40219.1
Project("{8BC9CEB8-8B4A-11D0-8D11-00A0C91BC942}") = "Stack_LInked_List", "Stack_LInked_List\Stack_LInked_List.vcxproj", "{D426858B-2FF2-4684-AB78-088E5D928ED1}"
EndProject
Global
	GlobalSection(SolutionConfigurationPlatforms) = preSolution
		Debug|x64 = Debug|x64
		Debug|x86 = Debug|x86
		Release|x64 = Release|x64
		Release|x86 = Release|x86
	EndGlobalSection
	GlobalSection(ProjectConfigurationPlatforms) = postSolution
		{D426858B-2FF2-4684-AB78-088E5D928ED1}.Debug|x64.ActiveCfg = Debug|x64
		{D426858B-2FF2-4684-AB78-088E5D928ED1}.Debug|x64.Build.0 = Debug|x64
		{D426858B-2FF2-4684-AB78-088E5D928ED1}.Debug|x86.ActiveCfg = Debug|Win32
		{D426858B-2FF2-4684-AB78-088E5D928ED1}.Debug|x86.Build.0 = Debug|Win32
		{D426858B-2FF2-4684-AB78-088E5D928ED1}.Release|x64.ActiveCfg = Release|x64
		{D426858B-2FF2-4684-AB78-088E5D928ED1}.Release|x64.Build.0 = Release|x64
		{D426858B-2FF2-4684-AB78-088E5D928ED1}.Release|x86.ActiveCfg = Release|Win32
		{D426858B-2FF2-4684-AB78-088E5D928ED1}.Release|x86.Build.0 = Release|Win32
	EndGlobalSection
	GlobalSection(SolutionProperties) = preSolution
		HideSolutionNode = FALSE
	EndGlobalSection
	GlobalSection(ExtensibilityGlobals) = postSolution
		SolutionGuid = {57F15E27-A538-4E41-89E7-7EA4BC5800CC}
	EndGlobalSection
EndGlobal
