<?xml version="1.0" encoding="utf-8"?>
<Project ToolsVersion="4.0" xmlns="http://schemas.microsoft.com/developer/msbuild/2003">
  <ItemGroup>
    <Filter Include="소스 파일">
      <UniqueIdentifier>{4FC737F1-C7A5-4376-A066-2A32D752A2FF}</UniqueIdentifier>
      <Extensions>cpp;c;cc;cxx;def;odl;idl;hpj;bat;asm;asmx</Extensions>
    </Filter>
    <Filter Include="헤더 파일">
      <UniqueIdentifier>{93995380-89BD-4b04-88EB-625FBE52EBFB}</UniqueIdentifier>
      <Extensions>h;hh;hpp;hxx;hm;inl;inc;ipp;xsd</Extensions>
    </Filter>
    <Filter Include="리소스 파일">
      <UniqueIdentifier>{67DA6AB6-F800-4c08-8B7A-83BB121AAD01}</UniqueIdentifier>
      <Extensions>rc;ico;cur;bmp;dlg;rc2;rct;bin;rgs;gif;jpg;jpeg;jpe;resx;tiff;tif;png;wav;mfcribbon-ms</Extensions>
    </Filter>
    <Filter Include="Linked_List">
      <UniqueIdentifier>{62bee851-992a-4a54-89fe-725a34faed4d}</UniqueIdentifier>
    </Filter>
    <Filter Include="Stack_Util">
      <UniqueIdentifier>{7b6a6f66-4399-45c1-a028-577d930ccf0b}</UniqueIdentifier>
    </Filter>
    <Filter Include="Stack_Util\역순문자열_괄호검사">
      <UniqueIdentifier>{f39e1f71-41df-437a-9f13-5909468abd54}</UniqueIdentifier>
    </Filter>
    <Filter Include="Stack_Util\수식계산_후위변환">
      <UniqueIdentifier>{118e2483-500d-4a4e-bde6-619fe7a4c085}</UniqueIdentifier>
    </Filter>
    <Filter Include="Stack_Util\미로찾기">
      <UniqueIdentifier>{9ae59aff-8fba-4734-bb84-edc763301edb}</UniqueIdentifier>
    </Filter>
  </ItemGroup>
  <ItemGroup>
    <ClCompile Include="Stack_LInked_List.cpp">
      <Filter>소스 파일</Filter>
    </ClCompile>
    <ClCompile Include="pch.cpp">
      <Filter>소스 파일</Filter>
    </ClCompile>
    <ClCompile Include="LinkedListStack.cpp">
      <Filter>Linked_List</Filter>
    </ClCompile>
    <ClCompile Include="Stack_Util_Reverse.cpp">
      <Filter>Stack_Util\역순문자열_괄호검사</Filter>
    </ClCompile>
    <ClCompile Include="Stack_Util_Calc.cpp">
      <Filter>Stack_Util\수식계산_후위변환</Filter>
    </ClCompile>
    <ClCompile Include="Stack_Util_Maze.cpp">
      <Filter>Stack_Util\미로찾기</Filter>
    </ClCompile>
  </ItemGroup>
  <ItemGroup>
    <ClInclude Include="pch.h">
      <Filter>헤더 파일</Filter>
    </ClInclude>
    <ClInclude Include="Macro.h">
      <Filter>헤더 파일</Filter>
    </ClInclude>
    <ClInclude Include="DataType.h">
      <Filter>헤더 파일</Filter>
    </ClInclude>
    <ClInclude Include="LinkedListStack.h">
      <Filter>Linked_List</Filter>
    </ClInclude>
    <ClInclude Include="Stack_Util_Reverse.h">
      <Filter>Stack_Util\역순문자열_괄호검사</Filter>
    </ClInclude>
    <ClInclude Include="Stack_Util_Calc.h">
      <Filter>Stack_Util\수식계산_후위변환</Filter>
    </ClInclude>
    <ClInclude Include="Stack_Util_Maze.h">
      <Filter>Stack_Util\미로찾기</Filter>
    </ClInclude>
  </ItemGroup>
</Project>